
Microsoft Visual Studio Solution File, Format Version 12.00
# Visual Studio Version 16
VisualStudioVersion = 16.0.30114.105
MinimumVisualStudioVersion = 10.0.40219.1
Project("{2150E333-8FDC-42A3-9474-1A3956D46DE8}") = "src", "src", "{45953649-9429-41BE-AA43-B4287D8182C3}"
EndProject
Project("{9A19103F-16F7-4668-BE54-9A1E7A4F7556}") = "WorkerOE", "src\service\WorkerOE.csproj", "{ED9B75D3-6816-4024-A3B4-0E35FBE71ACD}"
EndProject
Global
	GlobalSection(SolutionConfigurationPlatforms) = preSolution
		Debug|Any CPU = Debug|Any CPU
		Debug|x64 = Debug|x64
		Debug|x86 = Debug|x86
		Release|Any CPU = Release|Any CPU
		Release|x64 = Release|x64
		Release|x86 = Release|x86
	EndGlobalSection
	GlobalSection(ProjectConfigurationPlatforms) = postSolution
		{ED9B75D3-6816-4024-A3B4-0E35FBE71ACD}.Debug|Any CPU.ActiveCfg = Debug|Any CPU
		{ED9B75D3-6816-4024-A3B4-0E35FBE71ACD}.Debug|Any CPU.Build.0 = Debug|Any CPU
		{ED9B75D3-6816-4024-A3B4-0E35FBE71ACD}.Debug|x64.ActiveCfg = Debug|Any CPU
		{ED9B75D3-6816-4024-A3B4-0E35FBE71ACD}.Debug|x64.Build.0 = Debug|Any CPU
		{ED9B75D3-6816-4024-A3B4-0E35FBE71ACD}.Debug|x86.ActiveCfg = Debug|Any CPU
		{ED9B75D3-6816-4024-A3B4-0E35FBE71ACD}.Debug|x86.Build.0 = Debug|Any CPU
		{ED9B75D3-6816-4024-A3B4-0E35FBE71ACD}.Release|Any CPU.ActiveCfg = Release|Any CPU
		{ED9B75D3-6816-4024-A3B4-0E35FBE71ACD}.Release|Any CPU.Build.0 = Release|Any CPU
		{ED9B75D3-6816-4024-A3B4-0E35FBE71ACD}.Release|x64.ActiveCfg = Release|Any CPU
		{ED9B75D3-6816-4024-A3B4-0E35FBE71ACD}.Release|x64.Build.0 = Release|Any CPU
		{ED9B75D3-6816-4024-A3B4-0E35FBE71ACD}.Release|x86.ActiveCfg = Release|Any CPU
		{ED9B75D3-6816-4024-A3B4-0E35FBE71ACD}.Release|x86.Build.0 = Release|Any CPU
	EndGlobalSection
	GlobalSection(SolutionProperties) = preSolution
		HideSolutionNode = FALSE
	EndGlobalSection
	GlobalSection(NestedProjects) = preSolution
		{ED9B75D3-6816-4024-A3B4-0E35FBE71ACD} = {45953649-9429-41BE-AA43-B4287D8182C3}
	EndGlobalSection
	GlobalSection(ExtensibilityGlobals) = postSolution
		SolutionGuid = {4ED3E84D-E8D7-4C45-BEA4-26EB6818B997}
	EndGlobalSection
EndGlobal
